
Microsoft Visual Studio Solution File, Format Version 12.00
# Visual Studio Version 17
VisualStudioVersion = 17.10.35004.147
MinimumVisualStudioVersion = 10.0.40219.1
Project("{2150E333-8FDC-42A3-9474-1A3956D46DE8}") = "src", "src", "{2CE364F4-726B-4BA8-A22E-8F7846F0FAD7}"
EndProject
Project("{2150E333-8FDC-42A3-9474-1A3956D46DE8}") = "test", "test", "{4E907896-6444-4B2D-A2A8-3B4EE745B980}"
EndProject
Project("{2150E333-8FDC-42A3-9474-1A3956D46DE8}") = "API's", "API's", "{6CFAF80A-895F-4AAD-A7E2-C41B03E3A52D}"
EndProject
Project("{2150E333-8FDC-42A3-9474-1A3956D46DE8}") = "Core", "Core", "{13FAEC0B-3F12-4672-B599-9C04E7AD4358}"
EndProject
Project("{2150E333-8FDC-42A3-9474-1A3956D46DE8}") = "Infrastructure", "Infrastructure", "{3EBDACBA-2A6E-47DD-99A0-4BD3BE4265FC}"
EndProject
Project("{2150E333-8FDC-42A3-9474-1A3956D46DE8}") = "UI", "UI", "{A47E9DF9-CD19-4F6C-86B6-487B7A2DCF8F}"
EndProject
Project("{9A19103F-16F7-4668-BE54-9A1E7A4F7556}") = "LinkDev.Talabat.APIs", "LinkDev.Talabat.APIs\LinkDev.Talabat.APIs.csproj", "{69A103BA-C780-4E08-9FF6-EA7E5EA89EDB}"
EndProject
Project("{9A19103F-16F7-4668-BE54-9A1E7A4F7556}") = "LinkDev.Talabat.Core.Application.Abstraction", "LinkDev.Talabat.Core.Application.Abstraction\LinkDev.Talabat.Core.Application.Abstraction.csproj", "{B0CF5EA1-8D78-494A-B95F-BC11478AECFF}"
EndProject
Project("{9A19103F-16F7-4668-BE54-9A1E7A4F7556}") = "LinkDev.Talabat.Infrasturcture", "LinkDev.Talabat.Infrasturcture\LinkDev.Talabat.Infrasturcture.csproj", "{AB4F1768-5832-473D-81BA-6661D4252CE1}"
EndProject
Project("{2150E333-8FDC-42A3-9474-1A3956D46DE8}") = "Client", "Client", "{16834F1A-8869-4164-BFE4-7AA39A6B9DE6}"
EndProject
Project("{2150E333-8FDC-42A3-9474-1A3956D46DE8}") = "Dashboard", "Dashboard", "{1C2D4045-3BA5-4CDA-9F91-64930B9D25E3}"
EndProject
Project("{9A19103F-16F7-4668-BE54-9A1E7A4F7556}") = "LinkDev.Talabat.Core.Domain", "LinkDev.Talabat.Core.Domain\LinkDev.Talabat.Core.Domain.csproj", "{EB44FB41-9332-4374-A2E2-FD1B9611F2EE}"
EndProject
Project("{9A19103F-16F7-4668-BE54-9A1E7A4F7556}") = "LinkDev.Talabat.Core.Application", "LinkDev.Talabat.Core.Application\LinkDev.Talabat.Core.Application.csproj", "{96F3228C-F8F8-4984-885F-691D8EE3E00F}"
EndProject
Project("{9A19103F-16F7-4668-BE54-9A1E7A4F7556}") = "LinkDev.Talabat.Infrastructure.Persistence", "LinkDev.Talabat.Infrastructure.Persistence\LinkDev.Talabat.Infrastructure.Persistence.csproj", "{6BD7289A-A1B9-4E19-BB07-9642BCA1E504}"
EndProject
Global
	GlobalSection(SolutionConfigurationPlatforms) = preSolution
		Debug|Any CPU = Debug|Any CPU
		Release|Any CPU = Release|Any CPU
	EndGlobalSection
	GlobalSection(ProjectConfigurationPlatforms) = postSolution
		{69A103BA-C780-4E08-9FF6-EA7E5EA89EDB}.Debug|Any CPU.ActiveCfg = Debug|Any CPU
		{69A103BA-C780-4E08-9FF6-EA7E5EA89EDB}.Debug|Any CPU.Build.0 = Debug|Any CPU
		{69A103BA-C780-4E08-9FF6-EA7E5EA89EDB}.Release|Any CPU.ActiveCfg = Release|Any CPU
		{69A103BA-C780-4E08-9FF6-EA7E5EA89EDB}.Release|Any CPU.Build.0 = Release|Any CPU
		{B0CF5EA1-8D78-494A-B95F-BC11478AECFF}.Debug|Any CPU.ActiveCfg = Debug|Any CPU
		{B0CF5EA1-8D78-494A-B95F-BC11478AECFF}.Debug|Any CPU.Build.0 = Debug|Any CPU
		{B0CF5EA1-8D78-494A-B95F-BC11478AECFF}.Release|Any CPU.ActiveCfg = Release|Any CPU
		{B0CF5EA1-8D78-494A-B95F-BC11478AECFF}.Release|Any CPU.Build.0 = Release|Any CPU
		{AB4F1768-5832-473D-81BA-6661D4252CE1}.Debug|Any CPU.ActiveCfg = Debug|Any CPU
		{AB4F1768-5832-473D-81BA-6661D4252CE1}.Debug|Any CPU.Build.0 = Debug|Any CPU
		{AB4F1768-5832-473D-81BA-6661D4252CE1}.Release|Any CPU.ActiveCfg = Release|Any CPU
		{AB4F1768-5832-473D-81BA-6661D4252CE1}.Release|Any CPU.Build.0 = Release|Any CPU
		{EB44FB41-9332-4374-A2E2-FD1B9611F2EE}.Debug|Any CPU.ActiveCfg = Debug|Any CPU
		{EB44FB41-9332-4374-A2E2-FD1B9611F2EE}.Debug|Any CPU.Build.0 = Debug|Any CPU
		{EB44FB41-9332-4374-A2E2-FD1B9611F2EE}.Release|Any CPU.ActiveCfg = Release|Any CPU
		{EB44FB41-9332-4374-A2E2-FD1B9611F2EE}.Release|Any CPU.Build.0 = Release|Any CPU
		{96F3228C-F8F8-4984-885F-691D8EE3E00F}.Debug|Any CPU.ActiveCfg = Debug|Any CPU
		{96F3228C-F8F8-4984-885F-691D8EE3E00F}.Debug|Any CPU.Build.0 = Debug|Any CPU
		{96F3228C-F8F8-4984-885F-691D8EE3E00F}.Release|Any CPU.ActiveCfg = Release|Any CPU
		{96F3228C-F8F8-4984-885F-691D8EE3E00F}.Release|Any CPU.Build.0 = Release|Any CPU
		{6BD7289A-A1B9-4E19-BB07-9642BCA1E504}.Debug|Any CPU.ActiveCfg = Debug|Any CPU
		{6BD7289A-A1B9-4E19-BB07-9642BCA1E504}.Debug|Any CPU.Build.0 = Debug|Any CPU
		{6BD7289A-A1B9-4E19-BB07-9642BCA1E504}.Release|Any CPU.ActiveCfg = Release|Any CPU
		{6BD7289A-A1B9-4E19-BB07-9642BCA1E504}.Release|Any CPU.Build.0 = Release|Any CPU
	EndGlobalSection
	GlobalSection(SolutionProperties) = preSolution
		HideSolutionNode = FALSE
	EndGlobalSection
	GlobalSection(NestedProjects) = preSolution
		{6CFAF80A-895F-4AAD-A7E2-C41B03E3A52D} = {2CE364F4-726B-4BA8-A22E-8F7846F0FAD7}
		{13FAEC0B-3F12-4672-B599-9C04E7AD4358} = {2CE364F4-726B-4BA8-A22E-8F7846F0FAD7}
		{3EBDACBA-2A6E-47DD-99A0-4BD3BE4265FC} = {2CE364F4-726B-4BA8-A22E-8F7846F0FAD7}
		{A47E9DF9-CD19-4F6C-86B6-487B7A2DCF8F} = {2CE364F4-726B-4BA8-A22E-8F7846F0FAD7}
		{69A103BA-C780-4E08-9FF6-EA7E5EA89EDB} = {6CFAF80A-895F-4AAD-A7E2-C41B03E3A52D}
		{B0CF5EA1-8D78-494A-B95F-BC11478AECFF} = {13FAEC0B-3F12-4672-B599-9C04E7AD4358}
		{AB4F1768-5832-473D-81BA-6661D4252CE1} = {3EBDACBA-2A6E-47DD-99A0-4BD3BE4265FC}
		{16834F1A-8869-4164-BFE4-7AA39A6B9DE6} = {A47E9DF9-CD19-4F6C-86B6-487B7A2DCF8F}
		{1C2D4045-3BA5-4CDA-9F91-64930B9D25E3} = {A47E9DF9-CD19-4F6C-86B6-487B7A2DCF8F}
		{EB44FB41-9332-4374-A2E2-FD1B9611F2EE} = {13FAEC0B-3F12-4672-B599-9C04E7AD4358}
		{96F3228C-F8F8-4984-885F-691D8EE3E00F} = {13FAEC0B-3F12-4672-B599-9C04E7AD4358}
		{6BD7289A-A1B9-4E19-BB07-9642BCA1E504} = {3EBDACBA-2A6E-47DD-99A0-4BD3BE4265FC}
	EndGlobalSection
	GlobalSection(ExtensibilityGlobals) = postSolution
		SolutionGuid = {D107FF3D-B27B-41F3-93DC-58EB0BDEE9D0}
	EndGlobalSection
EndGlobal
